# This file is automatically @generated by Wally.
# It is not intended for manual editing.
registry = "test"

[[package]]
name = "ifrexsim/grid-pack"
version = "0.1.0"
dependencies = [["signal", "sleitnick/signal@2.0.1"], ["trove", "sleitnick/trove@1.1.0"]]

[[package]]
name = "sleitnick/signal"
version = "2.0.1"
dependencies = []

[[package]]
name = "sleitnick/trove"
version = "1.1.0"
dependencies = []
